
Microsoft Visual Studio Solution File, Format Version 12.00
# Visual Studio Version 17
VisualStudioVersion = 17.0.32112.339
MinimumVisualStudioVersion = 10.0.40219.1
Project("{FAE04EC0-301F-11D3-BF4B-00C04F79EFBC}") = "SampleConsole1", "SampleConsole1\SampleConsole1.csproj", "{DE867D2F-66AD-4FFE-AFF4-57EFE1064165}"
EndProject
Global
	GlobalSection(SolutionConfigurationPlatforms) = preSolution
		Debug|Any CPU = Debug|Any CPU
		Release|Any CPU = Release|Any CPU
	EndGlobalSection
	GlobalSection(ProjectConfigurationPlatforms) = postSolution
		{DE867D2F-66AD-4FFE-AFF4-57EFE1064165}.Debug|Any CPU.ActiveCfg = Debug|Any CPU
		{DE867D2F-66AD-4FFE-AFF4-57EFE1064165}.Debug|Any CPU.Build.0 = Debug|Any CPU
		{DE867D2F-66AD-4FFE-AFF4-57EFE1064165}.Release|Any CPU.ActiveCfg = Release|Any CPU
		{DE867D2F-66AD-4FFE-AFF4-57EFE1064165}.Release|Any CPU.Build.0 = Release|Any CPU
	EndGlobalSection
	GlobalSection(SolutionProperties) = preSolution
		HideSolutionNode = FALSE
	EndGlobalSection
	GlobalSection(ExtensibilityGlobals) = postSolution
		SolutionGuid = {22DAB80A-0933-4E2A-B637-B8199DF097FC}
	EndGlobalSection
EndGlobal
